
Microsoft Visual Studio Solution File, Format Version 9.00
# Visual Studio 2005
Project("{8BC9CEB8-8B4A-11D0-8D11-00A0C91BC942}") = "AiModule", "AiModule\AiModule.vcproj", "{C51BEC5A-4BFA-403B-AEF1-D380B7BF7E01}"
EndProject
Project("{8BC9CEB8-8B4A-11D0-8D11-00A0C91BC942}") = "Comm", "Comm\Comm.vcproj", "{7E2CB36D-6792-49BD-9C2B-DA8842D76EAB}"
EndProject
Project("{8BC9CEB8-8B4A-11D0-8D11-00A0C91BC942}") = "GameBaseCodeMT", "GameBaseCode\GameBaseCodeMT.vcproj", "{1B4BA7BE-29DE-47E0-88D1-162EE84562BB}"
EndProject
Project("{8BC9CEB8-8B4A-11D0-8D11-00A0C91BC942}") = "MapData", "MapData\MapData.vcproj", "{22018BE2-F78B-4F83-AF5E-73D51085AFA3}"
EndProject
Project("{8BC9CEB8-8B4A-11D0-8D11-00A0C91BC942}") = "MapGroupKernel", "GameServer\MapGroupKernel\MapGroupKernel.vcproj", "{32FC9890-9537-41D5-9B21-EE51D06477DD}"
EndProject
Project("{8BC9CEB8-8B4A-11D0-8D11-00A0C91BC942}") = "MsgServer", "GameServer\MsgServer.vcproj", "{73D7AB82-EE92-408A-967A-DDE7F409B8CD}"
	ProjectSection(ProjectDependencies) = postProject
		{10DAA6ED-AD9F-41A7-9C0E-B9C8EDAF9AAD} = {10DAA6ED-AD9F-41A7-9C0E-B9C8EDAF9AAD}
		{22018BE2-F78B-4F83-AF5E-73D51085AFA3} = {22018BE2-F78B-4F83-AF5E-73D51085AFA3}
		{1B4BA7BE-29DE-47E0-88D1-162EE84562BB} = {1B4BA7BE-29DE-47E0-88D1-162EE84562BB}
		{7AC694BD-F69D-4BE7-8873-CA41863C3215} = {7AC694BD-F69D-4BE7-8873-CA41863C3215}
		{32FC9890-9537-41D5-9B21-EE51D06477DD} = {32FC9890-9537-41D5-9B21-EE51D06477DD}
		{7E2CB36D-6792-49BD-9C2B-DA8842D76EAB} = {7E2CB36D-6792-49BD-9C2B-DA8842D76EAB}
		{B73B3952-2253-42BA-B4D1-054AE9961ED9} = {B73B3952-2253-42BA-B4D1-054AE9961ED9}
	EndProjectSection
EndProject
Project("{8BC9CEB8-8B4A-11D0-8D11-00A0C91BC942}") = "NpcKernel", "NpcServer\NpcKernel\NpcKernel.vcproj", "{B7BB5498-9FE8-4EA8-9C10-DD54AF62F6BF}"
EndProject
Project("{8BC9CEB8-8B4A-11D0-8D11-00A0C91BC942}") = "NpcServer", "NpcServer\NpcServer.vcproj", "{61F9558F-5032-4EB5-AB7B-E105031481C7}"
	ProjectSection(ProjectDependencies) = postProject
		{10DAA6ED-AD9F-41A7-9C0E-B9C8EDAF9AAD} = {10DAA6ED-AD9F-41A7-9C0E-B9C8EDAF9AAD}
		{22018BE2-F78B-4F83-AF5E-73D51085AFA3} = {22018BE2-F78B-4F83-AF5E-73D51085AFA3}
		{1B4BA7BE-29DE-47E0-88D1-162EE84562BB} = {1B4BA7BE-29DE-47E0-88D1-162EE84562BB}
		{B7BB5498-9FE8-4EA8-9C10-DD54AF62F6BF} = {B7BB5498-9FE8-4EA8-9C10-DD54AF62F6BF}
		{7E2CB36D-6792-49BD-9C2B-DA8842D76EAB} = {7E2CB36D-6792-49BD-9C2B-DA8842D76EAB}
		{C51BEC5A-4BFA-403B-AEF1-D380B7BF7E01} = {C51BEC5A-4BFA-403B-AEF1-D380B7BF7E01}
	EndProjectSection
EndProject
Project("{8BC9CEB8-8B4A-11D0-8D11-00A0C91BC942}") = "ServerSocket", "GameServer\ServerSocket\ServerSocket.vcproj", "{B73B3952-2253-42BA-B4D1-054AE9961ED9}"
EndProject
Project("{8BC9CEB8-8B4A-11D0-8D11-00A0C91BC942}") = "WorldKernel", "GameServer\WorldKernel\WorldKernel.vcproj", "{7AC694BD-F69D-4BE7-8873-CA41863C3215}"
EndProject
Project("{8BC9CEB8-8B4A-11D0-8D11-00A0C91BC942}") = "AccountServer", "AccountServer\AccountServer.vcproj", "{673906E5-02A6-4F9A-ADAD-F9A06215F9B2}"
	ProjectSection(ProjectDependencies) = postProject
		{10DAA6ED-AD9F-41A7-9C0E-B9C8EDAF9AAD} = {10DAA6ED-AD9F-41A7-9C0E-B9C8EDAF9AAD}
		{1B4BA7BE-29DE-47E0-88D1-162EE84562BB} = {1B4BA7BE-29DE-47E0-88D1-162EE84562BB}
	EndProjectSection
EndProject
Project("{2150E333-8FDC-42A3-9474-1A3956D46DE8}") = "Shared", "Shared", "{FF5DD3E5-7ED7-44D1-A71D-CB7000971713}"
EndProject
Project("{8BC9CEB8-8B4A-11D0-8D11-00A0C91BC942}") = "Common", "..\Shared\Common\Common.vcproj", "{10DAA6ED-AD9F-41A7-9C0E-B9C8EDAF9AAD}"
EndProject
Project("{8BC9CEB8-8B4A-11D0-8D11-00A0C91BC942}") = "NetMsg", "..\Shared\NetMsg\NetMsg.vcproj", "{487EB3B6-0442-41F9-9588-02D9A7B690EB}"
EndProject
Global
	GlobalSection(SolutionConfigurationPlatforms) = preSolution
		Debug|Win32 = Debug|Win32
		Release|Win32 = Release|Win32
	EndGlobalSection
	GlobalSection(ProjectConfigurationPlatforms) = postSolution
		{C51BEC5A-4BFA-403B-AEF1-D380B7BF7E01}.Debug|Win32.ActiveCfg = Debug|Win32
		{C51BEC5A-4BFA-403B-AEF1-D380B7BF7E01}.Debug|Win32.Build.0 = Debug|Win32
		{C51BEC5A-4BFA-403B-AEF1-D380B7BF7E01}.Release|Win32.ActiveCfg = Release|Win32
		{C51BEC5A-4BFA-403B-AEF1-D380B7BF7E01}.Release|Win32.Build.0 = Release|Win32
		{7E2CB36D-6792-49BD-9C2B-DA8842D76EAB}.Debug|Win32.ActiveCfg = Debug|Win32
		{7E2CB36D-6792-49BD-9C2B-DA8842D76EAB}.Debug|Win32.Build.0 = Debug|Win32
		{7E2CB36D-6792-49BD-9C2B-DA8842D76EAB}.Release|Win32.ActiveCfg = Release|Win32
		{7E2CB36D-6792-49BD-9C2B-DA8842D76EAB}.Release|Win32.Build.0 = Release|Win32
		{1B4BA7BE-29DE-47E0-88D1-162EE84562BB}.Debug|Win32.ActiveCfg = Debug|Win32
		{1B4BA7BE-29DE-47E0-88D1-162EE84562BB}.Debug|Win32.Build.0 = Debug|Win32
		{1B4BA7BE-29DE-47E0-88D1-162EE84562BB}.Release|Win32.ActiveCfg = Release|Win32
		{1B4BA7BE-29DE-47E0-88D1-162EE84562BB}.Release|Win32.Build.0 = Release|Win32
		{22018BE2-F78B-4F83-AF5E-73D51085AFA3}.Debug|Win32.ActiveCfg = Debug|Win32
		{22018BE2-F78B-4F83-AF5E-73D51085AFA3}.Debug|Win32.Build.0 = Debug|Win32
		{22018BE2-F78B-4F83-AF5E-73D51085AFA3}.Release|Win32.ActiveCfg = Release|Win32
		{22018BE2-F78B-4F83-AF5E-73D51085AFA3}.Release|Win32.Build.0 = Release|Win32
		{32FC9890-9537-41D5-9B21-EE51D06477DD}.Debug|Win32.ActiveCfg = Debug|Win32
		{32FC9890-9537-41D5-9B21-EE51D06477DD}.Debug|Win32.Build.0 = Debug|Win32
		{32FC9890-9537-41D5-9B21-EE51D06477DD}.Release|Win32.ActiveCfg = Release|Win32
		{32FC9890-9537-41D5-9B21-EE51D06477DD}.Release|Win32.Build.0 = Release|Win32
		{73D7AB82-EE92-408A-967A-DDE7F409B8CD}.Debug|Win32.ActiveCfg = Debug|Win32
		{73D7AB82-EE92-408A-967A-DDE7F409B8CD}.Debug|Win32.Build.0 = Debug|Win32
		{73D7AB82-EE92-408A-967A-DDE7F409B8CD}.Release|Win32.ActiveCfg = Release|Win32
		{73D7AB82-EE92-408A-967A-DDE7F409B8CD}.Release|Win32.Build.0 = Release|Win32
		{B7BB5498-9FE8-4EA8-9C10-DD54AF62F6BF}.Debug|Win32.ActiveCfg = Debug|Win32
		{B7BB5498-9FE8-4EA8-9C10-DD54AF62F6BF}.Debug|Win32.Build.0 = Debug|Win32
		{B7BB5498-9FE8-4EA8-9C10-DD54AF62F6BF}.Release|Win32.ActiveCfg = Release|Win32
		{B7BB5498-9FE8-4EA8-9C10-DD54AF62F6BF}.Release|Win32.Build.0 = Release|Win32
		{61F9558F-5032-4EB5-AB7B-E105031481C7}.Debug|Win32.ActiveCfg = Debug|Win32
		{61F9558F-5032-4EB5-AB7B-E105031481C7}.Debug|Win32.Build.0 = Debug|Win32
		{61F9558F-5032-4EB5-AB7B-E105031481C7}.Release|Win32.ActiveCfg = Release|Win32
		{61F9558F-5032-4EB5-AB7B-E105031481C7}.Release|Win32.Build.0 = Release|Win32
		{B73B3952-2253-42BA-B4D1-054AE9961ED9}.Debug|Win32.ActiveCfg = Debug|Win32
		{B73B3952-2253-42BA-B4D1-054AE9961ED9}.Debug|Win32.Build.0 = Debug|Win32
		{B73B3952-2253-42BA-B4D1-054AE9961ED9}.Release|Win32.ActiveCfg = Release|Win32
		{B73B3952-2253-42BA-B4D1-054AE9961ED9}.Release|Win32.Build.0 = Release|Win32
		{7AC694BD-F69D-4BE7-8873-CA41863C3215}.Debug|Win32.ActiveCfg = Debug|Win32
		{7AC694BD-F69D-4BE7-8873-CA41863C3215}.Debug|Win32.Build.0 = Debug|Win32
		{7AC694BD-F69D-4BE7-8873-CA41863C3215}.Release|Win32.ActiveCfg = Release|Win32
		{7AC694BD-F69D-4BE7-8873-CA41863C3215}.Release|Win32.Build.0 = Release|Win32
		{673906E5-02A6-4F9A-ADAD-F9A06215F9B2}.Debug|Win32.ActiveCfg = Debug|Win32
		{673906E5-02A6-4F9A-ADAD-F9A06215F9B2}.Debug|Win32.Build.0 = Debug|Win32
		{673906E5-02A6-4F9A-ADAD-F9A06215F9B2}.Release|Win32.ActiveCfg = Release|Win32
		{673906E5-02A6-4F9A-ADAD-F9A06215F9B2}.Release|Win32.Build.0 = Release|Win32
		{10DAA6ED-AD9F-41A7-9C0E-B9C8EDAF9AAD}.Debug|Win32.ActiveCfg = Debug|Win32
		{10DAA6ED-AD9F-41A7-9C0E-B9C8EDAF9AAD}.Debug|Win32.Build.0 = Debug|Win32
		{10DAA6ED-AD9F-41A7-9C0E-B9C8EDAF9AAD}.Release|Win32.ActiveCfg = Release|Win32
		{10DAA6ED-AD9F-41A7-9C0E-B9C8EDAF9AAD}.Release|Win32.Build.0 = Release|Win32
		{487EB3B6-0442-41F9-9588-02D9A7B690EB}.Debug|Win32.ActiveCfg = Debug|Win32
		{487EB3B6-0442-41F9-9588-02D9A7B690EB}.Debug|Win32.Build.0 = Debug|Win32
		{487EB3B6-0442-41F9-9588-02D9A7B690EB}.Release|Win32.ActiveCfg = Release|Win32
		{487EB3B6-0442-41F9-9588-02D9A7B690EB}.Release|Win32.Build.0 = Release|Win32
	EndGlobalSection
	GlobalSection(SolutionProperties) = preSolution
		HideSolutionNode = FALSE
	EndGlobalSection
	GlobalSection(NestedProjects) = preSolution
		{10DAA6ED-AD9F-41A7-9C0E-B9C8EDAF9AAD} = {FF5DD3E5-7ED7-44D1-A71D-CB7000971713}
		{487EB3B6-0442-41F9-9588-02D9A7B690EB} = {FF5DD3E5-7ED7-44D1-A71D-CB7000971713}
	EndGlobalSection
EndGlobal
